# THIS IS AN AUTOGENERATED FILE. DO NOT EDIT THIS FILE DIRECTLY.
# yarn lockfile v1


"@babel/runtime@^7.6.0":
  version "7.7.6"
  resolved "https://registry.yarnpkg.com/@babel/runtime/-/runtime-7.7.6.tgz#d18c511121aff1b4f2cd1d452f1bac9601dd830f"
  integrity sha512-BWAJxpNVa0QlE5gZdWjSxXtemZyZ9RmrmVozxt3NUXeZhVIJ5ANyqmMc0JDrivBZyxUuQvFxlvH4OWWOogGfUw==
  dependencies:
    regenerator-runtime "^0.13.2"

itertools@^1.6.0:
  version "1.6.0"
  resolved "https://registry.yarnpkg.com/itertools/-/itertools-1.6.0.tgz#7ee01788ea440b6cee05dfa43153d9d26eb2539d"
  integrity sha512-50Z9NnYzSkKTZCmlxAaEZVrcolRafiPZ9e37fllYe5GL0aqQ64aoP2s/HT7chhtMQjX4GvyulLzSBM7iBW3wig==
  dependencies:
    "@babel/runtime" "^7.6.0"

lodash@^4.17.15:
  version "4.17.15"
  resolved "https://registry.yarnpkg.com/lodash/-/lodash-4.17.15.tgz#b447f6670a0455bbfeedd11392eff330ea097548"
  integrity sha512-8xOcRHvCjnocdS5cpwXQXVzmmh5e5+saE2QGoeQmbKmRS6J3VQppPOIt0MnmE+4xlZoumy0GPG0D0MVIQbNA1A==

regenerator-runtime@^0.13.2:
  version "0.13.3"
  resolved "https://registry.yarnpkg.com/regenerator-runtime/-/regenerator-runtime-0.13.3.tgz#7cf6a77d8f5c6f60eb73c5fc1955b2ceb01e6bf5"
  integrity sha512-naKIZz2GQ8JWh///G7L3X6LaQUAMp2lvb1rvwwsURe/VXwD6VMfr+/1NuNw3ag8v2kY1aQ/go5SNn79O9JU7yw==
